<?xml version="1.0" encoding="utf-8"?>
<Project ToolsVersion="4.0" xmlns="http://schemas.microsoft.com/developer/msbuild/2003">
  <ItemGroup>
    <ClCompile Include="main.cpp" />
    <ClCompile Include="TicTacToe\TicTacToe.cpp" />
    <ClCompile Include="Hangman\Hangman.cpp" />
    <ClCompile Include="BlackJack\src\Card.cpp" />
    <ClCompile Include="BlackJack\src\Hand.cpp" />
    <ClCompile Include="BlackJack\src\GenericPlayer.cpp" />
    <ClCompile Include="BlackJack\src\Deck.cpp" />
    <ClCompile Include="BlackJack\src\Player.cpp" />
    <ClCompile Include="BlackJack\src\House.cpp" />
    <ClCompile Include="BlackJack\src\Game.cpp" />
  </ItemGroup>
  <ItemGroup>
    <ClInclude Include="TicTacToe\TicTacToe.h" />
    <ClInclude Include="Hangman\Hangman.h" />
    <ClInclude Include="BlackJack\lib\Card.h" />
    <ClInclude Include="BlackJack\lib\Hand.h" />
    <ClInclude Include="BlackJack\lib\GenericPlayer.h" />
    <ClInclude Include="BlackJack\lib\Deck.h" />
    <ClInclude Include="BlackJack\lib\Player.h" />
    <ClInclude Include="BlackJack\lib\House.h" />
    <ClInclude Include="BlackJack\lib\Game.h" />
  </ItemGroup>
</Project>